
Microsoft Visual Studio Solution File, Format Version 12.00
# Visual Studio Version 17
VisualStudioVersion = 17.0.31903.59
MinimumVisualStudioVersion = 10.0.40219.1
Project("{FAE04EC0-301F-11D3-BF4B-00C04F79EFBC}") = "Traqtiv.Mobile", "Traqtiv.Mobile\Traqtiv.Mobile.csproj", "{9301CFE3-B172-4171-9E43-8A824A0C3FD6}"
EndProject
Project("{FAE04EC0-301F-11D3-BF4B-00C04F79EFBC}") = "Traqtiv.API", "Traqtiv.API\Traqtiv.API.csproj", "{BADCCFEA-C4D1-4C1D-AE2C-F2B9F034AEEB}"
EndProject
Global
	GlobalSection(SolutionConfigurationPlatforms) = preSolution
		Debug|Any CPU = Debug|Any CPU
		Debug|x64 = Debug|x64
		Debug|x86 = Debug|x86
		Release|Any CPU = Release|Any CPU
		Release|x64 = Release|x64
		Release|x86 = Release|x86
	EndGlobalSection
	GlobalSection(ProjectConfigurationPlatforms) = postSolution
		{9301CFE3-B172-4171-9E43-8A824A0C3FD6}.Debug|Any CPU.ActiveCfg = Debug|Any CPU
		{9301CFE3-B172-4171-9E43-8A824A0C3FD6}.Debug|Any CPU.Build.0 = Debug|Any CPU
		{9301CFE3-B172-4171-9E43-8A824A0C3FD6}.Debug|x64.ActiveCfg = Debug|Any CPU
		{9301CFE3-B172-4171-9E43-8A824A0C3FD6}.Debug|x64.Build.0 = Debug|Any CPU
		{9301CFE3-B172-4171-9E43-8A824A0C3FD6}.Debug|x86.ActiveCfg = Debug|Any CPU
		{9301CFE3-B172-4171-9E43-8A824A0C3FD6}.Debug|x86.Build.0 = Debug|Any CPU
		{9301CFE3-B172-4171-9E43-8A824A0C3FD6}.Release|Any CPU.ActiveCfg = Release|Any CPU
		{9301CFE3-B172-4171-9E43-8A824A0C3FD6}.Release|Any CPU.Build.0 = Release|Any CPU
		{9301CFE3-B172-4171-9E43-8A824A0C3FD6}.Release|x64.ActiveCfg = Release|Any CPU
		{9301CFE3-B172-4171-9E43-8A824A0C3FD6}.Release|x64.Build.0 = Release|Any CPU
		{9301CFE3-B172-4171-9E43-8A824A0C3FD6}.Release|x86.ActiveCfg = Release|Any CPU
		{9301CFE3-B172-4171-9E43-8A824A0C3FD6}.Release|x86.Build.0 = Release|Any CPU
		{BADCCFEA-C4D1-4C1D-AE2C-F2B9F034AEEB}.Debug|Any CPU.ActiveCfg = Debug|Any CPU
		{BADCCFEA-C4D1-4C1D-AE2C-F2B9F034AEEB}.Debug|Any CPU.Build.0 = Debug|Any CPU
		{BADCCFEA-C4D1-4C1D-AE2C-F2B9F034AEEB}.Debug|x64.ActiveCfg = Debug|Any CPU
		{BADCCFEA-C4D1-4C1D-AE2C-F2B9F034AEEB}.Debug|x64.Build.0 = Debug|Any CPU
		{BADCCFEA-C4D1-4C1D-AE2C-F2B9F034AEEB}.Debug|x86.ActiveCfg = Debug|Any CPU
		{BADCCFEA-C4D1-4C1D-AE2C-F2B9F034AEEB}.Debug|x86.Build.0 = Debug|Any CPU
		{BADCCFEA-C4D1-4C1D-AE2C-F2B9F034AEEB}.Release|Any CPU.ActiveCfg = Release|Any CPU
		{BADCCFEA-C4D1-4C1D-AE2C-F2B9F034AEEB}.Release|Any CPU.Build.0 = Release|Any CPU
		{BADCCFEA-C4D1-4C1D-AE2C-F2B9F034AEEB}.Release|x64.ActiveCfg = Release|Any CPU
		{BADCCFEA-C4D1-4C1D-AE2C-F2B9F034AEEB}.Release|x64.Build.0 = Release|Any CPU
		{BADCCFEA-C4D1-4C1D-AE2C-F2B9F034AEEB}.Release|x86.ActiveCfg = Release|Any CPU
		{BADCCFEA-C4D1-4C1D-AE2C-F2B9F034AEEB}.Release|x86.Build.0 = Release|Any CPU
	EndGlobalSection
	GlobalSection(SolutionProperties) = preSolution
		HideSolutionNode = FALSE
	EndGlobalSection
EndGlobal
